
Microsoft Visual Studio Solution File, Format Version 12.00
# Visual Studio 15
VisualStudioVersion = 15.0.27428.2015
MinimumVisualStudioVersion = 10.0.40219.1
Project("{FAE04EC0-301F-11D3-BF4B-00C04F79EFBC}") = "ConsoleKeyStore", "ConsoleKeyStore\ConsoleKeyStore.csproj", "{A6DEB6C3-7CAF-42E2-A30F-7920819ABB01}"
EndProject
Global
	GlobalSection(SolutionConfigurationPlatforms) = preSolution
		Debug|Any CPU = Debug|Any CPU
		Release|Any CPU = Release|Any CPU
	EndGlobalSection
	GlobalSection(ProjectConfigurationPlatforms) = postSolution
		{A6DEB6C3-7CAF-42E2-A30F-7920819ABB01}.Debug|Any CPU.ActiveCfg = Debug|Any CPU
		{A6DEB6C3-7CAF-42E2-A30F-7920819ABB01}.Debug|Any CPU.Build.0 = Debug|Any CPU
		{A6DEB6C3-7CAF-42E2-A30F-7920819ABB01}.Release|Any CPU.ActiveCfg = Release|Any CPU
		{A6DEB6C3-7CAF-42E2-A30F-7920819ABB01}.Release|Any CPU.Build.0 = Release|Any CPU
	EndGlobalSection
	GlobalSection(SolutionProperties) = preSolution
		HideSolutionNode = FALSE
	EndGlobalSection
	GlobalSection(ExtensibilityGlobals) = postSolution
		SolutionGuid = {DC580F75-5F8D-49F6-A086-23EF2911F219}
	EndGlobalSection
EndGlobal
